github.com/aws/aws-sdk-go-v2 v0.28.1-0.20201027160747-2592e9547fe4/go.mod h1:P9h1Cf+uOpElAT533QXKOzrpFaOlm8JMorThJNUfQ6Q=
github.com/aws/aws-sdk-go-v2 v0.29.0 h1:V/KKvuMO2hwHRg2SXJc5aasBHhD1AWbS6KMWg/Ueq1w=
github.com/aws/aws-sdk-go-v2 v0.29.0/go.mod h1:4d1/Ee0vCwCF7BfG1hCT3zu82493cRy5+VZ8JHvMPf0=
github.com/aws/aws-sdk-go-v2 v0.29.1-0.20201110202303-65b91cc8a475 h1:/VI5P7ZR2SABeQYAlh6e0Tt9cVmrI8EN3H0zd2tqaZY=
github.com/aws/aws-sdk-go-v2 v0.29.1-0.20201110202303-65b91cc8a475/go.mod h1:sfvlyefY54joy/2ohHP8LRSXhkE7A/Cw1uU8ypOMdj0=
github.com/aws/aws-sdk-go-v2/config v0.2.3-0.20201108032120-2274aef7cb52 h1:gV/n+3MqUY7Ge5AE13gs7hj6GTnB+vmlnbYTPNvyDm0=
github.com/aws/aws-sdk-go-v2/config v0.2.3-0.20201108032120-2274aef7cb52/go.mod h1:YGiARalssdWWzTwjhaDGqOvch4kMCRYPR5vOPFYuMRc=
github.com/aws/aws-sdk-go-v2/credentials v0.1.4 h1:ReVvyoYW/HriCnCWMoWC2ftvh0g9U4wS7lB5GFYK/ZE=
github.com/aws/aws-sdk-go-v2/credentials v0.1.4/go.mod h1:o0z92KOE6YJ/DyGSJmt83dG9YlGUc2n04QYwbfNsA8Q=
github.com/aws/aws-sdk-go-v2/ec2imds v0.1.4 h1:N3atV6naU7rFtS3gg/XU2ZuiPqzFm3HONBbnGDdPq1A=
github.com/aws/aws-sdk-go-v2/ec2imds v0.1.4/go.mod h1:h5WB2P4CTnVroyw/gvIiyMTtl/zvnKAC4H74EWiKOco=
github.com/aws/aws-sdk-go-v2/ec2imds v0.1.5-0.20201108032120-2274aef7cb52 h1:xe1TehcIOold8ytzStY6ejAr2fEu31+6ax4M/dBZi9k=
github.com/aws/aws-sdk-go-v2/ec2imds v0.1.5-0.20201108032120-2274aef7cb52/go.mod h1:N+DZW2TXlE7vsE4cRYBN40zrTk0g13C1zyoqAdYhLXg=
github.com/aws/aws-sdk-go-v2/service/internal/accept-encoding v0.3.0 h1:OGNwNNeQvOZsa+zAK5nE7r6e0serfSAFznoXqbvbzFE=
github.com/aws/aws-sdk-go-v2/service/internal/accept-encoding v0.3.0/go.mod h1:bMiNrEKNefchodwRJnuwaiAZj2NJq8ZHAYASve6mbFs=
github.com/aws/aws-sdk-go-v2/service/internal/accept-encoding v0.3.1-0.20201108032120-2274aef7cb52 h1:bdAkiRl/qmB2K8jNl6fo058FEZ/Lb35tGorl74ASaX8=
github.com/aws/aws-sdk-go-v2/service/internal/accept-encoding v0.3.1-0.20201108032120-2274aef7cb52/go.mod h1:8ssQ+eALAh5+Z5uix7Ku/rzM1uDVNQrAQx7cNiq1Rwo=
github.com/aws/aws-sdk-go-v2/service/internal/s3shared v0.3.1-0.20201027184009-8eb8fc303e7c/go.mod h1:/45/g9thJEPyLQ5x6wj5tlXz+i6uLWLlJkHABYdYFH0=
github.com/aws/aws-sdk-go-v2/service/internal/s3shared v0.3.2-0.20201109182518-8e108cc6e922 h1:OVk8ocXKL2uyFPOLShCkGJxzG+zfMYug8vxUUHZ5VWw=
github.com/aws/aws-sdk-go-v2/service/internal/s3shared v0.3.2-0.20201109182518-8e108cc6e922/go.mod h1:BX2s32S4jSBstqbZP4DSztc6v/eYnFqt962dyD/1PX0=
github.com/aws/aws-sdk-go-v2/service/s3 v0.29.1-0.20201109182518-8e108cc6e922 h1:FhOr7hKfPJeXX012TSWXS6S6Q27OS3IvbNa0bD1liwY=
github.com/aws/aws-sdk-go-v2/service/s3 v0.29.1-0.20201109182518-8e108cc6e922/go.mod h1:d9gRd9l4ktW7HmGhB7jHvhUJhJR+D6gTTuKW0SdUf1I=
github.com/aws/aws-sdk-go-v2/service/sts v0.29.0 h1:EOEsrzOQh+xU4lKbrkRoTybsP704I32GczRFsW6apEw=
github.com/aws/aws-sdk-go-v2/service/sts v0.29.0/go.mod h1:zV0Fx4GE1wPZJ3iHn1g7UxoPb+uJfqOkvBp3UQAq3bc=
github.com/aws/aws-sdk-go-v2/service/sts v0.29.1-0.20201108032120-2274aef7cb52 h1:BdtQaTqHZRHWlnmbR28VeeB8DWhL6a3uKKr5kc+DUq4=
github.com/aws/aws-sdk-go-v2/service/sts v0.29.1-0.20201108032120-2274aef7cb52/go.mod h1:gFoglDeg51PJMpyoM80s8dTI4gMV4sYUH2wd/r45vNs=
github.com/awslabs/smithy-go v0.2.1/go.mod h1:hPOQwnmBLHsUphH13tVSjQhTAFma0/0XoZGbBcOuABI=
github.com/awslabs/smithy-go v0.2.2-0.20201026231331-345290040c23/go.mod h1:hPOQwnmBLHsUphH13tVSjQhTAFma0/0XoZGbBcOuABI=
github.com/awslabs/smithy-go v0.3.0 h1:I1EQ1P+VtxpuNnGYymATewaKrlnaYQwFvO8lNTsafbs=
github.com/awslabs/smithy-go v0.3.0/go.mod h1:hPOQwnmBLHsUphH13tVSjQhTAFma0/0XoZGbBcOuABI=
github.com/awslabs/smithy-go v0.3.1-0.20201104233911-38864709e183/go.mod h1:hPOQwnmBLHsUphH13tVSjQhTAFma0/0XoZGbBcOuABI=
github.com/awslabs/smithy-go v0.3.1-0.20201108010311-62c2a93810b4 h1:Aj5dOF+lDoEhU92no7YZF0IokuWGjiNrcm/DGIG3iII=
github.com/awslabs/smithy-go v0.3.1-0.20201108010311-62c2a93810b4/go.mod h1:hPOQwnmBLHsUphH13tVSjQhTAFma0/0XoZGbBcOuABI=
github.com/davecgh/go-spew v1.1.0/go.mod h1:J7Y8YcW2NihsgmVo/mv3lAwl/skON4iLHjSsI+c5H38=
github.com/google/go-cmp v0.4.1 h1:/exdXoGamhu5ONeUJH0deniYLWYvQwW66yvlfiiKTu0=
github.com/google/go-cmp v0.4.1/go.mod h1:v8dTdLbMG2kIc/vJvl+f65V22dbkXbowE6jgT/gNBxE=
github.com/google/go-cmp v0.5.2 h1:X2ev0eStA3AbceY54o37/0PQ/UWqKEiiO2dKL5OPaFM=
github.com/google/go-cmp v0.5.2/go.mod h1:v8dTdLbMG2kIc/vJvl+f65V22dbkXbowE6jgT/gNBxE=
github.com/jmespath/go-jmespath v0.4.0/go.mod h1:T8mJZnbsbmF+m6zOOFylbeCJqk5+pHWvzYPziyZiYoo=
github.com/jmespath/go-jmespath/internal/testify v1.5.1/go.mod h1:L3OGu8Wl2/fWfCI6z80xFu9LTZmf1ZRjMHUOPmWr69U=
github.com/pmezard/go-difflib v1.0.0/go.mod h1:iKH77koFhYxTK1pcRnkKkqfTogsbg7gZNVY4sRDYZ/4=
github.com/stretchr/objx v0.1.0/go.mod h1:HFkY916IF+rwdDfMAkV7OtwuqBVzrE8GR6GFx+wExME=
golang.org/x/xerrors v0.0.0-20191204190536-9bdfabe68543 h1:E7g+9GITq07hpfrRu66IVDexMakfv52eLZ2CXBWiKr4=
golang.org/x/xerrors v0.0.0-20191204190536-9bdfabe68543/go.mod h1:I/5z698sn9Ka8TeJc9MKroUUfqBBauWjQqLJ2OPfmY0=
golang.org/x/xerrors v0.0.0-20200804184101-5ec99f83aff1 h1:go1bK/D/BFZV2I8cIQd1NKEZ+0owSTG1fDTci4IqFcE=
golang.org/x/xerrors v0.0.0-20200804184101-5ec99f83aff1/go.mod h1:I/5z698sn9Ka8TeJc9MKroUUfqBBauWjQqLJ2OPfmY0=
gopkg.in/check.v1 v0.0.0-20161208181325-20d25e280405/go.mod h1:Co6ibVJAznAaIkqp8huTwlJQCZ016jof/cbN4VW5Yz0=
gopkg.in/yaml.v2 v2.2.8/go.mod h1:hI93XBmqTisBFMUTm0b8Fm+jr3Dg1NNxqwp+5A1VGuI=
